<?xml version="1.0" encoding="utf-8"?>
<Project ToolsVersion="4.0" xmlns="http://schemas.microsoft.com/developer/msbuild/2003">
  <ItemGroup>
    <Filter Include="Исходные файлы">
      <UniqueIdentifier>{4FC737F1-C7A5-4376-A066-2A32D752A2FF}</UniqueIdentifier>
      <Extensions>cpp;c;cc;cxx;c++;cppm;ixx;def;odl;idl;hpj;bat;asm;asmx</Extensions>
    </Filter>
    <Filter Include="Файлы заголовков">
      <UniqueIdentifier>{93995380-89BD-4b04-88EB-625FBE52EBFB}</UniqueIdentifier>
      <Extensions>h;hh;hpp;hxx;h++;hm;inl;inc;ipp;xsd</Extensions>
    </Filter>
    <Filter Include="Исходные файлы\enjine">
      <UniqueIdentifier>{8cf0eb46-8d5f-4c79-982a-cd659a19be5c}</UniqueIdentifier>
    </Filter>
    <Filter Include="Файлы заголовков\enjine">
      <UniqueIdentifier>{305d002e-9244-4c8d-a5b1-d15d0d261ffa}</UniqueIdentifier>
    </Filter>
    <Filter Include="sounds">
      <UniqueIdentifier>{687ac121-4680-4534-8626-61a8665ba48b}</UniqueIdentifier>
    </Filter>
    <Filter Include="Файлы ресурсов">
      <UniqueIdentifier>{67DA6AB6-F800-4c08-8B7A-83BB121AAD01}</UniqueIdentifier>
      <Extensions>rc;ico;cur;bmp;dlg;rc2;rct;bin;rgs;gif;jpg;jpeg;jpe;resx;tiff;tif;png;wav;mfcribbon-ms</Extensions>
    </Filter>
  </ItemGroup>
  <ItemGroup>
    <ClCompile Include="animation.cpp">
      <Filter>Исходные файлы\enjine</Filter>
    </ClCompile>
    <ClCompile Include="application.cpp">
      <Filter>Исходные файлы\enjine</Filter>
    </ClCompile>
    <ClCompile Include="audio_holder.cpp">
      <Filter>Исходные файлы\enjine</Filter>
    </ClCompile>
    <ClCompile Include="default_font.cpp">
      <Filter>Исходные файлы\enjine</Filter>
    </ClCompile>
    <ClCompile Include="drawing.cpp">
      <Filter>Исходные файлы\enjine</Filter>
    </ClCompile>
    <ClCompile Include="font.cpp">
      <Filter>Исходные файлы\enjine</Filter>
    </ClCompile>
    <ClCompile Include="fonts_holder.cpp">
      <Filter>Исходные файлы\enjine</Filter>
    </ClCompile>
    <ClCompile Include="fps_holder.cpp">
      <Filter>Исходные файлы\enjine</Filter>
    </ClCompile>
    <ClCompile Include="i_loop.cpp">
      <Filter>Исходные файлы\enjine</Filter>
    </ClCompile>
    <ClCompile Include="import_sprites.cpp">
      <Filter>Исходные файлы\enjine</Filter>
    </ClCompile>
    <ClCompile Include="input.cpp">
      <Filter>Исходные файлы\enjine</Filter>
    </ClCompile>
    <ClCompile Include="int_utils.cpp">
      <Filter>Исходные файлы\enjine</Filter>
    </ClCompile>
    <ClCompile Include="keyboard_holder.cpp">
      <Filter>Исходные файлы\enjine</Filter>
    </ClCompile>
    <ClCompile Include="lifecycle.cpp">
      <Filter>Исходные файлы\enjine</Filter>
    </ClCompile>
    <ClCompile Include="lifecycle_holder.cpp">
      <Filter>Исходные файлы\enjine</Filter>
    </ClCompile>
    <ClCompile Include="loop_impl.cpp">
      <Filter>Исходные файлы\enjine</Filter>
    </ClCompile>
    <ClCompile Include="mouse_holder.cpp">
      <Filter>Исходные файлы\enjine</Filter>
    </ClCompile>
    <ClCompile Include="picopng.cpp">
      <Filter>Исходные файлы\enjine</Filter>
    </ClCompile>
    <ClCompile Include="sdl_audio.cpp">
      <Filter>Исходные файлы\enjine</Filter>
    </ClCompile>
    <ClCompile Include="sdl_audio_context.cpp">
      <Filter>Исходные файлы\enjine</Filter>
    </ClCompile>
    <ClCompile Include="sprites_holder.cpp">
      <Filter>Исходные файлы\enjine</Filter>
    </ClCompile>
    <ClCompile Include="sdl_context.cpp">
      <Filter>Исходные файлы\enjine</Filter>
    </ClCompile>
    <ClCompile Include="sdl_deleter.cpp">
      <Filter>Исходные файлы\enjine</Filter>
    </ClCompile>
    <ClCompile Include="sdl_inputs_handler.cpp">
      <Filter>Исходные файлы\enjine</Filter>
    </ClCompile>
    <ClCompile Include="sdl_logger.cpp">
      <Filter>Исходные файлы\enjine</Filter>
    </ClCompile>
    <ClCompile Include="sdl_render_context.cpp">
      <Filter>Исходные файлы\enjine</Filter>
    </ClCompile>
    <ClCompile Include="sdl_texture.cpp">
      <Filter>Исходные файлы\enjine</Filter>
    </ClCompile>
    <ClCompile Include="sdl_timing.cpp">
      <Filter>Исходные файлы\enjine</Filter>
    </ClCompile>
    <ClCompile Include="setup_context.cpp">
      <Filter>Исходные файлы\enjine</Filter>
    </ClCompile>
    <ClCompile Include="sprite.cpp">
      <Filter>Исходные файлы\enjine</Filter>
    </ClCompile>
    <ClCompile Include="text.cpp">
      <Filter>Исходные файлы\enjine</Filter>
    </ClCompile>
    <ClCompile Include="time.cpp">
      <Filter>Исходные файлы\enjine</Filter>
    </ClCompile>
    <ClCompile Include="time_holder.cpp">
      <Filter>Исходные файлы\enjine</Filter>
    </ClCompile>
    <ClCompile Include="video_memory_holder.cpp">
      <Filter>Исходные файлы\enjine</Filter>
    </ClCompile>
    <ClCompile Include="whycpp.cpp">
      <Filter>Исходные файлы\enjine</Filter>
    </ClCompile>
    <ClCompile Include="arcanoid.cpp">
      <Filter>Исходные файлы</Filter>
    </ClCompile>
    <ClCompile Include="ball_control_system.cpp">
      <Filter>Исходные файлы</Filter>
    </ClCompile>
    <ClCompile Include="player_control_system.cpp">
      <Filter>Исходные файлы</Filter>
    </ClCompile>
    <ClCompile Include="rectangle_render_system.cpp">
      <Filter>Исходные файлы</Filter>
    </ClCompile>
    <ClCompile Include="texture_render_system.cpp">
      <Filter>Исходные файлы</Filter>
    </ClCompile>
    <ClCompile Include="Arcanoid1.cpp">
      <Filter>Исходные файлы</Filter>
    </ClCompile>
    <ClCompile Include="engine.cpp">
      <Filter>Исходные файлы</Filter>
    </ClCompile>
    <ClCompile Include="entity_manager.cpp">
      <Filter>Исходные файлы</Filter>
    </ClCompile>
    <ClCompile Include="i_system.cpp">
      <Filter>Исходные файлы</Filter>
    </ClCompile>
    <ClCompile Include="collision_system.cpp">
      <Filter>Исходные файлы</Filter>
    </ClCompile>
    <ClCompile Include="movement_system.cpp">
      <Filter>Исходные файлы</Filter>
    </ClCompile>
    <ClCompile Include="physics_system.cpp">
      <Filter>Исходные файлы</Filter>
    </ClCompile>
    <ClCompile Include="aabb.cpp">
      <Filter>Исходные файлы</Filter>
    </ClCompile>
    <ClCompile Include="colliders.cpp">
      <Filter>Исходные файлы</Filter>
    </ClCompile>
    <ClCompile Include="manifold.cpp">
      <Filter>Исходные файлы</Filter>
    </ClCompile>
    <ClCompile Include="vec2cpp.cpp">
      <Filter>Исходные файлы</Filter>
    </ClCompile>
    <ClCompile Include="bricks_system.cpp">
      <Filter>Исходные файлы</Filter>
    </ClCompile>
    <ClCompile Include="circle_render_system.cpp">
      <Filter>Исходные файлы</Filter>
    </ClCompile>
    <ClCompile Include="fail_scene.cpp">
      <Filter>Исходные файлы</Filter>
    </ClCompile>
    <ClCompile Include="win_scene.cpp">
      <Filter>Исходные файлы</Filter>
    </ClCompile>
    <ClCompile Include="title_scene.cpp">
      <Filter>Исходные файлы</Filter>
    </ClCompile>
    <ClCompile Include="scene_manager.cpp">
      <Filter>Исходные файлы</Filter>
    </ClCompile>
    <ClCompile Include="system_manager.cpp">
      <Filter>Исходные файлы</Filter>
    </ClCompile>
    <ClCompile Include="ecs_scene.cpp">
      <Filter>Исходные файлы</Filter>
    </ClCompile>
    <ClCompile Include="scene.cpp">
      <Filter>Исходные файлы</Filter>
    </ClCompile>
    <ClCompile Include="shredder_system.cpp">
      <Filter>Исходные файлы</Filter>
    </ClCompile>
    <ClCompile Include="resize_bonus_system.cpp">
      <Filter>Исходные файлы</Filter>
    </ClCompile>
    <ClCompile Include="level1_systems.cpp">
      <Filter>Исходные файлы</Filter>
    </ClCompile>
    <ClCompile Include="level1_entities.cpp">
      <Filter>Исходные файлы</Filter>
    </ClCompile>
    <ClCompile Include="ball.cpp">
      <Filter>Исходные файлы</Filter>
    </ClCompile>
    <ClCompile Include="platform.cpp">
      <Filter>Исходные файлы</Filter>
    </ClCompile>
    <ClCompile Include="brick.cpp">
      <Filter>Исходные файлы</Filter>
    </ClCompile>
    <ClCompile Include="border.cpp">
      <Filter>Исходные файлы</Filter>
    </ClCompile>
    <ClCompile Include="level1_creator.cpp">
      <Filter>Исходные файлы</Filter>
    </ClCompile>
    <ClCompile Include="level2_creator.cpp">
      <Filter>Исходные файлы</Filter>
    </ClCompile>
    <ClCompile Include="level2_entities.cpp">
      <Filter>Исходные файлы</Filter>
    </ClCompile>
    <ClCompile Include="level2_systems.cpp">
      <Filter>Исходные файлы</Filter>
    </ClCompile>
    <ClCompile Include="next_level_scene.cpp">
      <Filter>Исходные файлы</Filter>
    </ClCompile>
    <ClCompile Include="level3_creator.cpp">
      <Filter>Исходные файлы</Filter>
    </ClCompile>
    <ClCompile Include="level3_entities.cpp">
      <Filter>Исходные файлы</Filter>
    </ClCompile>
    <ClCompile Include="level3_systems.cpp">
      <Filter>Исходные файлы</Filter>
    </ClCompile>
    <ClCompile Include="level4_creator.cpp">
      <Filter>Исходные файлы</Filter>
    </ClCompile>
    <ClCompile Include="level4_entities.cpp">
      <Filter>Исходные файлы</Filter>
    </ClCompile>
    <ClCompile Include="level4_systems.cpp">
      <Filter>Исходные файлы</Filter>
    </ClCompile>
    <ClCompile Include="multi_ball_bonus_system.cpp">
      <Filter>Исходные файлы</Filter>
    </ClCompile>
    <ClCompile Include="bonus_spawner.cpp">
      <Filter>Исходные файлы</Filter>
    </ClCompile>
    <ClCompile Include="resize_bonus_builder.cpp">
      <Filter>Исходные файлы</Filter>
    </ClCompile>
    <ClCompile Include="multi_ball_bonus_builder.cpp">
      <Filter>Исходные файлы</Filter>
    </ClCompile>
    <ClCompile Include="pl_resize_bonus_builder.cpp">
      <Filter>Исходные файлы</Filter>
    </ClCompile>
    <ClCompile Include="mn_resie_bonus_builder.cpp">
      <Filter>Исходные файлы</Filter>
    </ClCompile>
    <ClCompile Include="sound.cpp">
      <Filter>Исходные файлы</Filter>
    </ClCompile>
  </ItemGroup>
  <ItemGroup>
    <ClInclude Include="animation.h">
      <Filter>Файлы заголовков\enjine</Filter>
    </ClInclude>
    <ClInclude Include="application.h">
      <Filter>Файлы заголовков\enjine</Filter>
    </ClInclude>
    <ClInclude Include="application_config.h">
      <Filter>Файлы заголовков\enjine</Filter>
    </ClInclude>
    <ClInclude Include="application_listener.h">
      <Filter>Файлы заголовков\enjine</Filter>
    </ClInclude>
    <ClInclude Include="audio.h">
      <Filter>Файлы заголовков\enjine</Filter>
    </ClInclude>
    <ClInclude Include="audio_holder.h">
      <Filter>Файлы заголовков\enjine</Filter>
    </ClInclude>
    <ClInclude Include="average_window.h">
      <Filter>Файлы заголовков\enjine</Filter>
    </ClInclude>
    <ClInclude Include="c_api.h">
      <Filter>Файлы заголовков\enjine</Filter>
    </ClInclude>
    <ClInclude Include="color.h">
      <Filter>Файлы заголовков\enjine</Filter>
    </ClInclude>
    <ClInclude Include="context.h">
      <Filter>Файлы заголовков\enjine</Filter>
    </ClInclude>
    <ClInclude Include="default_font.h">
      <Filter>Файлы заголовков\enjine</Filter>
    </ClInclude>
    <ClInclude Include="drawing.h">
      <Filter>Файлы заголовков\enjine</Filter>
    </ClInclude>
    <ClInclude Include="buttons.h">
      <Filter>Файлы заголовков\enjine</Filter>
    </ClInclude>
    <ClInclude Include="font.h">
      <Filter>Файлы заголовков\enjine</Filter>
    </ClInclude>
    <ClInclude Include="fonts_holder.h">
      <Filter>Файлы заголовков\enjine</Filter>
    </ClInclude>
    <ClInclude Include="fps_holder.h">
      <Filter>Файлы заголовков\enjine</Filter>
    </ClInclude>
    <ClInclude Include="i_inputs_handler.h">
      <Filter>Файлы заголовков\enjine</Filter>
    </ClInclude>
    <ClInclude Include="i_loop.h">
      <Filter>Файлы заголовков\enjine</Filter>
    </ClInclude>
    <ClInclude Include="i_render_handler.h">
      <Filter>Файлы заголовков\enjine</Filter>
    </ClInclude>
    <ClInclude Include="import_sprites.h">
      <Filter>Файлы заголовков\enjine</Filter>
    </ClInclude>
    <ClInclude Include="input.h">
      <Filter>Файлы заголовков\enjine</Filter>
    </ClInclude>
    <ClInclude Include="int_utils.h">
      <Filter>Файлы заголовков\enjine</Filter>
    </ClInclude>
    <ClInclude Include="keyboard_holder.h">
      <Filter>Файлы заголовков\enjine</Filter>
    </ClInclude>
    <ClInclude Include="lifecycle.h">
      <Filter>Файлы заголовков\enjine</Filter>
    </ClInclude>
    <ClInclude Include="lifecycle_holder.h">
      <Filter>Файлы заголовков\enjine</Filter>
    </ClInclude>
    <ClInclude Include="loop_impl.h">
      <Filter>Файлы заголовков\enjine</Filter>
    </ClInclude>
    <ClInclude Include="mouse_holder.h">
      <Filter>Файлы заголовков\enjine</Filter>
    </ClInclude>
    <ClInclude Include="palette.h">
      <Filter>Файлы заголовков\enjine</Filter>
    </ClInclude>
    <ClInclude Include="picopng.h">
      <Filter>Файлы заголовков\enjine</Filter>
    </ClInclude>
    <ClInclude Include="sdl_audio_context.h">
      <Filter>Файлы заголовков\enjine</Filter>
    </ClInclude>
    <ClInclude Include="sdl_context.h">
      <Filter>Файлы заголовков\enjine</Filter>
    </ClInclude>
    <ClInclude Include="sdl_deleter.h">
      <Filter>Файлы заголовков\enjine</Filter>
    </ClInclude>
    <ClInclude Include="sdl_inputs_handler.h">
      <Filter>Файлы заголовков\enjine</Filter>
    </ClInclude>
    <ClInclude Include="sdl_render_context.h">
      <Filter>Файлы заголовков\enjine</Filter>
    </ClInclude>
    <ClInclude Include="sdl_texture.h">
      <Filter>Файлы заголовков\enjine</Filter>
    </ClInclude>
    <ClInclude Include="setup_context.h">
      <Filter>Файлы заголовков\enjine</Filter>
    </ClInclude>
    <ClInclude Include="sprite.h">
      <Filter>Файлы заголовков\enjine</Filter>
    </ClInclude>
    <ClInclude Include="sprites_holder.h">
      <Filter>Файлы заголовков\enjine</Filter>
    </ClInclude>
    <ClInclude Include="text.h">
      <Filter>Файлы заголовков\enjine</Filter>
    </ClInclude>
    <ClInclude Include="time.h">
      <Filter>Файлы заголовков\enjine</Filter>
    </ClInclude>
    <ClInclude Include="time_holder.h">
      <Filter>Файлы заголовков\enjine</Filter>
    </ClInclude>
    <ClInclude Include="timing.h">
      <Filter>Файлы заголовков\enjine</Filter>
    </ClInclude>
    <ClInclude Include="types.h">
      <Filter>Файлы заголовков\enjine</Filter>
    </ClInclude>
    <ClInclude Include="video_memory_holder.h">
      <Filter>Файлы заголовков\enjine</Filter>
    </ClInclude>
    <ClInclude Include="whycpp.h">
      <Filter>Файлы заголовков\enjine</Filter>
    </ClInclude>
    <ClInclude Include="i_object.h">
      <Filter>Файлы заголовков\enjine</Filter>
    </ClInclude>
    <ClInclude Include="engine.h">
      <Filter>Файлы заголовков</Filter>
    </ClInclude>
    <ClInclude Include="entity.h">
      <Filter>Файлы заголовков</Filter>
    </ClInclude>
    <ClInclude Include="entity_manager.h">
      <Filter>Файлы заголовков</Filter>
    </ClInclude>
    <ClInclude Include="i_component.h">
      <Filter>Файлы заголовков</Filter>
    </ClInclude>
    <ClInclude Include="i_system.h">
      <Filter>Файлы заголовков</Filter>
    </ClInclude>
    <ClInclude Include="ball_component.h">
      <Filter>Файлы заголовков</Filter>
    </ClInclude>
    <ClInclude Include="player_control_component.h">
      <Filter>Файлы заголовков</Filter>
    </ClInclude>
    <ClInclude Include="rectangle_render_component.h">
      <Filter>Файлы заголовков</Filter>
    </ClInclude>
    <ClInclude Include="texture_component.h">
      <Filter>Файлы заголовков</Filter>
    </ClInclude>
    <ClInclude Include="transform_component.h">
      <Filter>Файлы заголовков</Filter>
    </ClInclude>
    <ClInclude Include="vec2.h">
      <Filter>Файлы заголовков</Filter>
    </ClInclude>
    <ClInclude Include="ball_control_system.h">
      <Filter>Файлы заголовков</Filter>
    </ClInclude>
    <ClInclude Include="player_control_system.h">
      <Filter>Файлы заголовков</Filter>
    </ClInclude>
    <ClInclude Include="rectangle_render_system.h">
      <Filter>Файлы заголовков</Filter>
    </ClInclude>
    <ClInclude Include="texture_render_system.h">
      <Filter>Файлы заголовков</Filter>
    </ClInclude>
    <ClInclude Include="movement_component.h">
      <Filter>Файлы заголовков</Filter>
    </ClInclude>
    <ClInclude Include="Arcanoid1.h">
      <Filter>Файлы заголовков</Filter>
    </ClInclude>
    <ClInclude Include="rect_collider_component.h">
      <Filter>Файлы заголовков</Filter>
    </ClInclude>
    <ClInclude Include="collision_system.h">
      <Filter>Файлы заголовков</Filter>
    </ClInclude>
    <ClInclude Include="rigid_body_component.h">
      <Filter>Файлы заголовков</Filter>
    </ClInclude>
    <ClInclude Include="movement_system.h">
      <Filter>Файлы заголовков</Filter>
    </ClInclude>
    <ClInclude Include="aabb.h">
      <Filter>Файлы заголовков</Filter>
    </ClInclude>
    <ClInclude Include="colliders.h">
      <Filter>Файлы заголовков</Filter>
    </ClInclude>
    <ClInclude Include="manifold.h">
      <Filter>Файлы заголовков</Filter>
    </ClInclude>
    <ClInclude Include="numbers.h">
      <Filter>Файлы заголовков</Filter>
    </ClInclude>
    <ClInclude Include="brick_component.h">
      <Filter>Файлы заголовков</Filter>
    </ClInclude>
    <ClInclude Include="circle_render_component.h">
      <Filter>Файлы заголовков</Filter>
    </ClInclude>
    <ClInclude Include="bricks_system.h">
      <Filter>Файлы заголовков</Filter>
    </ClInclude>
    <ClInclude Include="circle_render_system.h">
      <Filter>Файлы заголовков</Filter>
    </ClInclude>
    <ClInclude Include="physics_system.h">
      <Filter>Файлы заголовков</Filter>
    </ClInclude>
    <ClInclude Include="fail_scene.h">
      <Filter>Файлы заголовков</Filter>
    </ClInclude>
    <ClInclude Include="game_scene.h">
      <Filter>Файлы заголовков</Filter>
    </ClInclude>
    <ClInclude Include="title_scene.h">
      <Filter>Файлы заголовков</Filter>
    </ClInclude>
    <ClInclude Include="win_scene.h">
      <Filter>Файлы заголовков</Filter>
    </ClInclude>
    <ClInclude Include="counter.h">
      <Filter>Файлы заголовков</Filter>
    </ClInclude>
    <ClInclude Include="scene.h">
      <Filter>Файлы заголовков</Filter>
    </ClInclude>
    <ClInclude Include="scene_manager.h">
      <Filter>Файлы заголовков</Filter>
    </ClInclude>
    <ClInclude Include="platform_component.h">
      <Filter>Файлы заголовков</Filter>
    </ClInclude>
    <ClInclude Include="system_manager.h">
      <Filter>Файлы заголовков</Filter>
    </ClInclude>
    <ClInclude Include="ecs_scene.h">
      <Filter>Файлы заголовков</Filter>
    </ClInclude>
    <ClInclude Include="collision.h">
      <Filter>Файлы заголовков</Filter>
    </ClInclude>
    <ClInclude Include="shredder_system.h">
      <Filter>Файлы заголовков</Filter>
    </ClInclude>
    <ClInclude Include="resize_bonus_component.h">
      <Filter>Файлы заголовков</Filter>
    </ClInclude>
    <ClInclude Include="resize_bonus_system.h">
      <Filter>Файлы заголовков</Filter>
    </ClInclude>
    <ClInclude Include="level_creator.h">
      <Filter>Файлы заголовков</Filter>
    </ClInclude>
    <ClInclude Include="level1_creator.h">
      <Filter>Файлы заголовков</Filter>
    </ClInclude>
    <ClInclude Include="ball.h">
      <Filter>Файлы заголовков</Filter>
    </ClInclude>
    <ClInclude Include="platform.h">
      <Filter>Файлы заголовков</Filter>
    </ClInclude>
    <ClInclude Include="brick.h">
      <Filter>Файлы заголовков</Filter>
    </ClInclude>
    <ClInclude Include="border.h">
      <Filter>Файлы заголовков</Filter>
    </ClInclude>
    <ClInclude Include="level2_creator.h">
      <Filter>Файлы заголовков</Filter>
    </ClInclude>
    <ClInclude Include="next_level_scene.h">
      <Filter>Файлы заголовков</Filter>
    </ClInclude>
    <ClInclude Include="level3_creator.h">
      <Filter>Файлы заголовков</Filter>
    </ClInclude>
    <ClInclude Include="level4_creator.h">
      <Filter>Файлы заголовков</Filter>
    </ClInclude>
    <ClInclude Include="multi_ball_bonus_component.h">
      <Filter>Файлы заголовков</Filter>
    </ClInclude>
    <ClInclude Include="multi_ball_bonus_system.h">
      <Filter>Файлы заголовков</Filter>
    </ClInclude>
    <ClInclude Include="bonus_spawner.h">
      <Filter>Файлы заголовков</Filter>
    </ClInclude>
    <ClInclude Include="resize_bonus_builder.h">
      <Filter>Файлы заголовков</Filter>
    </ClInclude>
    <ClInclude Include="multi_ball_bonus_builder.h">
      <Filter>Файлы заголовков</Filter>
    </ClInclude>
    <ClInclude Include="i_bonus_creator.h">
      <Filter>Файлы заголовков</Filter>
    </ClInclude>
    <ClInclude Include="nextnum.h">
      <Filter>Файлы заголовков</Filter>
    </ClInclude>
    <ClInclude Include="pl_resize_bonus_builder.h">
      <Filter>Файлы заголовков</Filter>
    </ClInclude>
    <ClInclude Include="mn_resie_bonus_builder.h">
      <Filter>Файлы заголовков</Filter>
    </ClInclude>
    <ClInclude Include="sound.h">
      <Filter>Файлы заголовков</Filter>
    </ClInclude>
  </ItemGroup>
  <ItemGroup>
    <Media Include="C:\Users\Polina\Downloads\grazhdanskaya-oborona-tarasyuk-remiks--po-planu-vse-chiki-pu (online-audio-converter.com).wav">
      <Filter>sounds</Filter>
    </Media>
  </ItemGroup>
</Project>